
Microsoft Visual Studio Solution File, Format Version 12.00
# Visual Studio Version 17
VisualStudioVersion = 17.10.35027.167
MinimumVisualStudioVersion = 10.0.40219.1
Project("{FAE04EC0-301F-11D3-BF4B-00C04F79EFBC}") = "FOR_Ejercicio10", "FOR_Ejercicio10\FOR_Ejercicio10.csproj", "{249830CD-CABD-4EF6-95A1-6D1854B82806}"
EndProject
Global
	GlobalSection(SolutionConfigurationPlatforms) = preSolution
		Debug|Any CPU = Debug|Any CPU
		Release|Any CPU = Release|Any CPU
	EndGlobalSection
	GlobalSection(ProjectConfigurationPlatforms) = postSolution
		{249830CD-CABD-4EF6-95A1-6D1854B82806}.Debug|Any CPU.ActiveCfg = Debug|Any CPU
		{249830CD-CABD-4EF6-95A1-6D1854B82806}.Debug|Any CPU.Build.0 = Debug|Any CPU
		{249830CD-CABD-4EF6-95A1-6D1854B82806}.Release|Any CPU.ActiveCfg = Release|Any CPU
		{249830CD-CABD-4EF6-95A1-6D1854B82806}.Release|Any CPU.Build.0 = Release|Any CPU
	EndGlobalSection
	GlobalSection(SolutionProperties) = preSolution
		HideSolutionNode = FALSE
	EndGlobalSection
	GlobalSection(ExtensibilityGlobals) = postSolution
		SolutionGuid = {FC9687C4-612A-4095-94C7-E48B7BF780B2}
	EndGlobalSection
EndGlobal
